dependencies:
- name: elasticsearch
  repository: https://charts.bitnami.com/bitnami
  version: 17.9.25
- name: kibana
  repository: https://charts.bitnami.com/bitnami
  version: 9.3.17
- name: postgresql
  repository: https://charts.bitnami.com/bitnami
  version: 11.1.20
- name: redis
  repository: https://charts.bitnami.com/bitnami
  version: 16.8.5
- name: minio
  repository: https://charts.min.io/
  version: 3.6.6
- name: neo4j-standalone
  repository: https://helm.neo4j.com/neo4j
  version: 4.4.5
digest: sha256:3aa2ba2d3bb29bcbc3302c66ca8fefcb6164598b026462b200333ddfa59f1a88
generated: "2022-04-18T10:47:06.84538-07:00"
