dependencies:
- name: elasticsearch
  repository: https://charts.bitnami.com/bitnami
  version: 17.9.29
- name: postgresql
  repository: https://charts.bitnami.com/bitnami
  version: 11.1.29
- name: redis
  repository: https://charts.bitnami.com/bitnami
  version: 16.8.5
- name: minio
  repository: https://charts.min.io/
  version: 3.6.6
- name: airflow
  repository: https://airflow.apache.org
  version: 1.5.0
digest: sha256:dd325838f525a2fea34865c8899da5699bc2d4098d535686fd40ecd7c2418017
generated: "2022-05-13T09:40:06.77926-07:00"
