dependencies:
- name: elasticsearch
  repository: https://charts.bitnami.com/bitnami
  version: 17.9.29
- name: postgresql
  repository: https://charts.bitnami.com/bitnami
  version: 11.1.24
- name: redis
  repository: https://charts.bitnami.com/bitnami
  version: 16.8.5
- name: minio
  repository: https://charts.min.io/
  version: 3.6.6
digest: sha256:b102b9e136d44772d16697e52785d8b1e8458c97e224254656601674626e9b6d
generated: "2022-04-26T16:47:16.416456-07:00"
